// !$*UTF8*$!
{
	archiveVersion = 1;
	classes = {
	};
	objectVersion = 55;
	objects = {

/* Begin PBXBuildFile section */
		A871AAE0277B620600A7C100 /* AppDelegate.swift in Sources */ = {isa = PBXBuildFile; fileRef = A871AADF277B620600A7C100 /* AppDelegate.swift */; };
		A871AAE2277B620600A7C100 /* SceneDelegate.swift in Sources */ = {isa = PBXBuildFile; fileRef = A871AAE1277B620600A7C100 /* SceneDelegate.swift */; };
		A871AAEC277B620800A7C100 /* LaunchScreen.storyboard in Resources */ = {isa = PBXBuildFile; fileRef = A871AAEA277B620800A7C100 /* LaunchScreen.storyboard */; };
		A871AAF8277B629700A7C100 /* VideoViewPlayer.swift in Sources */ = {isa = PBXBuildFile; fileRef = A871AAF6277B629700A7C100 /* VideoViewPlayer.swift */; };
		A871AAF9277B629700A7C100 /* VideoViewPlayer.xib in Resources */ = {isa = PBXBuildFile; fileRef = A871AAF7277B629700A7C100 /* VideoViewPlayer.xib */; };
		A871AAFD277B62A200A7C100 /* ViewFromXibProtocol.swift in Sources */ = {isa = PBXBuildFile; fileRef = A871AAFB277B62A200A7C100 /* ViewFromXibProtocol.swift */; };
		A871AAFE277B62A200A7C100 /* ViewFromXib.swift in Sources */ = {isa = PBXBuildFile; fileRef = A871AAFC277B62A200A7C100 /* ViewFromXib.swift */; };
		A871AB03277B631000A7C100 /* String.swift in Sources */ = {isa = PBXBuildFile; fileRef = A871AB02277B631000A7C100 /* String.swift */; };
/* End PBXBuildFile section */

/* Begin PBXFileReference section */
		A871AADC277B620600A7C100 /* video.app */ = {isa = PBXFileReference; explicitFileType = wrapper.application; includeInIndex = 0; path = video.app; sourceTree = BUILT_PRODUCTS_DIR; };
		A871AADF277B620600A7C100 /* AppDelegate.swift */ = {isa = PBXFileReference; lastKnownFileType = sourcecode.swift; path = AppDelegate.swift; sourceTree = "<group>"; };
		A871AAE1277B620600A7C100 /* SceneDelegate.swift */ = {isa = PBXFileReference; lastKnownFileType = sourcecode.swift; path = SceneDelegate.swift; sourceTree = "<group>"; };
		A871AAEB277B620800A7C100 /* Base */ = {isa = PBXFileReference; lastKnownFileType = file.storyboard; name = Base; path = Base.lproj/LaunchScreen.storyboard; sourceTree = "<group>"; };
		A871AAED277B620800A7C100 /* Info.plist */ = {isa = PBXFileReference; lastKnownFileType = text.plist.xml; path = Info.plist; sourceTree = "<group>"; };
		A871AAF6277B629700A7C100 /* VideoViewPlayer.swift */ = {isa = PBXFileReference; fileEncoding = 4; lastKnownFileType = sourcecode.swift; path = VideoViewPlayer.swift; sourceTree = "<group>"; };
		A871AAF7277B629700A7C100 /* VideoViewPlayer.xib */ = {isa = PBXFileReference; fileEncoding = 4; lastKnownFileType = file.xib; path = VideoViewPlayer.xib; sourceTree = "<group>"; };
		A871AAFB277B62A200A7C100 /* ViewFromXibProtocol.swift */ = {isa = PBXFileReference; fileEncoding = 4; lastKnownFileType = sourcecode.swift; path = ViewFromXibProtocol.swift; sourceTree = "<group>"; };
		A871AAFC277B62A200A7C100 /* ViewFromXib.swift */ = {isa = PBXFileReference; fileEncoding = 4; lastKnownFileType = sourcecode.swift; path = ViewFromXib.swift; sourceTree = "<group>"; };
		A871AB02277B631000A7C100 /* String.swift */ = {isa = PBXFileReference; lastKnownFileType = sourcecode.swift; path = String.swift; sourceTree = "<group>"; };
/* End PBXFileReference section */

/* Begin PBXFrameworksBuildPhase section */
		A871AAD9277B620600A7C100 /* Frameworks */ = {
			isa = PBXFrameworksBuildPhase;
			buildActionMask = 2147483647;
			files = (
			);
			runOnlyForDeploymentPostprocessing = 0;
		};
/* End PBXFrameworksBuildPhase section */

/* Begin PBXGroup section */
		A871AAD3277B620600A7C100 = {
			isa = PBXGroup;
			children = (
				A871AADE277B620600A7C100 /* video */,
				A871AADD277B620600A7C100 /* Products */,
			);
			sourceTree = "<group>";
		};
		A871AADD277B620600A7C100 /* Products */ = {
			isa = PBXGroup;
			children = (
				A871AADC277B620600A7C100 /* video.app */,
			);
			name = Products;
			sourceTree = "<group>";
		};
		A871AADE277B620600A7C100 /* video */ = {
			isa = PBXGroup;
			children = (
				A871AB01277B62E700A7C100 /* View */,
				A871AB00277B62C700A7C100 /* Exetnsions */,
				A871AAFF277B62A800A7C100 /* AppDelegate */,
				A871AAEA277B620800A7C100 /* LaunchScreen.storyboard */,
				A871AAED277B620800A7C100 /* Info.plist */,
			);
			path = video;
			sourceTree = "<group>";
		};
		A871AAF5277B629700A7C100 /* Video */ = {
			isa = PBXGroup;
			children = (
				A871AAF6277B629700A7C100 /* VideoViewPlayer.swift */,
				A871AAF7277B629700A7C100 /* VideoViewPlayer.xib */,
			);
			path = Video;
			sourceTree = "<group>";
		};
		A871AAFA277B62A200A7C100 /* ViewFromXib */ = {
			isa = PBXGroup;
			children = (
				A871AAFB277B62A200A7C100 /* ViewFromXibProtocol.swift */,
				A871AAFC277B62A200A7C100 /* ViewFromXib.swift */,
			);
			path = ViewFromXib;
			sourceTree = "<group>";
		};
		A871AAFF277B62A800A7C100 /* AppDelegate */ = {
			isa = PBXGroup;
			children = (
				A871AADF277B620600A7C100 /* AppDelegate.swift */,
				A871AAE1277B620600A7C100 /* SceneDelegate.swift */,
			);
			path = AppDelegate;
			sourceTree = "<group>";
		};
		A871AB00277B62C700A7C100 /* Exetnsions */ = {
			isa = PBXGroup;
			children = (
				A871AB02277B631000A7C100 /* String.swift */,
			);
			path = Exetnsions;
			sourceTree = "<group>";
		};
		A871AB01277B62E700A7C100 /* View */ = {
			isa = PBXGroup;
			children = (
				A871AAFA277B62A200A7C100 /* ViewFromXib */,
				A871AAF5277B629700A7C100 /* Video */,
			);
			path = View;
			sourceTree = "<group>";
		};
/* End PBXGroup section */

/* Begin PBXNativeTarget section */
		A871AADB277B620600A7C100 /* video */ = {
			isa = PBXNativeTarget;
			buildConfigurationList = A871AAF0277B620800A7C100 /* Build configuration list for PBXNativeTarget "video" */;
			buildPhases = (
				A871AAD8277B620600A7C100 /* Sources */,
				A871AAD9277B620600A7C100 /* Frameworks */,
				A871AADA277B620600A7C100 /* Resources */,
			);
			buildRules = (
			);
			dependencies = (
			);
			name = video;
			productName = video;
			productReference = A871AADC277B620600A7C100 /* video.app */;
			productType = "com.apple.product-type.application";
		};
/* End PBXNativeTarget section */

/* Begin PBXProject section */
		A871AAD4277B620600A7C100 /* Project object */ = {
			isa = PBXProject;
			attributes = {
				BuildIndependentTargetsInParallel = 1;
				LastSwiftUpdateCheck = 1310;
				LastUpgradeCheck = 1310;
				TargetAttributes = {
					A871AADB277B620600A7C100 = {
						CreatedOnToolsVersion = 13.1;
					};
				};
			};
			buildConfigurationList = A871AAD7277B620600A7C100 /* Build configuration list for PBXProject "video" */;
			compatibilityVersion = "Xcode 13.0";
			developmentRegion = en;
			hasScannedForEncodings = 0;
			knownRegions = (
				en,
				Base,
			);
			mainGroup = A871AAD3277B620600A7C100;
			productRefGroup = A871AADD277B620600A7C100 /* Products */;
			projectDirPath = "";
			projectRoot = "";
			targets = (
				A871AADB277B620600A7C100 /* video */,
			);
		};
/* End PBXProject section */

/* Begin PBXResourcesBuildPhase section */
		A871AADA277B620600A7C100 /* Resources */ = {
			isa = PBXResourcesBuildPhase;
			buildActionMask = 2147483647;
			files = (
				A871AAEC277B620800A7C100 /* LaunchScreen.storyboard in Resources */,
				A871AAF9277B629700A7C100 /* VideoViewPlayer.xib in Resources */,
			);
			runOnlyForDeploymentPostprocessing = 0;
		};
/* End PBXResourcesBuildPhase section */

/* Begin PBXSourcesBuildPhase section */
		A871AAD8277B620600A7C100 /* Sources */ = {
			isa = PBXSourcesBuildPhase;
			buildActionMask = 2147483647;
			files = (
				A871AB03277B631000A7C100 /* String.swift in Sources */,
				A871AAE0277B620600A7C100 /* AppDelegate.swift in Sources */,
				A871AAFE277B62A200A7C100 /* ViewFromXib.swift in Sources */,
				A871AAE2277B620600A7C100 /* SceneDelegate.swift in Sources */,
				A871AAFD277B62A200A7C100 /* ViewFromXibProtocol.swift in Sources */,
				A871AAF8277B629700A7C100 /* VideoViewPlayer.swift in Sources */,
			);
			runOnlyForDeploymentPostprocessing = 0;
		};
/* End PBXSourcesBuildPhase section */

/* Begin PBXVariantGroup section */
		A871AAEA277B620800A7C100 /* LaunchScreen.storyboard */ = {
			isa = PBXVariantGroup;
			children = (
				A871AAEB277B620800A7C100 /* Base */,
			);
			name = LaunchScreen.storyboard;
			sourceTree = "<group>";
		};
/* End PBXVariantGroup section */

/* Begin XCBuildConfiguration section */
		A871AAEE277B620800A7C100 /* Debug */ = {
			isa = XCBuildConfiguration;
			buildSettings = {
				ALWAYS_SEARCH_USER_PATHS = NO;
				CLANG_ANALYZER_NONNULL = YES;
				CLANG_ANALYZER_NUMBER_OBJECT_CONVERSION = YES_AGGRESSIVE;
				CLANG_CXX_LANGUAGE_STANDARD = "gnu++17";
				CLANG_CXX_LIBRARY = "libc++";
				CLANG_ENABLE_MODULES = YES;
				CLANG_ENABLE_OBJC_ARC = YES;
				CLANG_ENABLE_OBJC_WEAK = YES;
				CLANG_WARN_BLOCK_CAPTURE_AUTORELEASING = YES;
				CLANG_WARN_BOOL_CONVERSION = YES;
				CLANG_WARN_COMMA = YES;
				CLANG_WARN_CONSTANT_CONVERSION = YES;
				CLANG_WARN_DEPRECATED_OBJC_IMPLEMENTATIONS = YES;
				CLANG_WARN_DIRECT_OBJC_ISA_USAGE = YES_ERROR;
				CLANG_WARN_DOCUMENTATION_COMMENTS = YES;
				CLANG_WARN_EMPTY_BODY = YES;
				CLANG_WARN_ENUM_CONVERSION = YES;
				CLANG_WARN_INFINITE_RECURSION = YES;
				CLANG_WARN_INT_CONVERSION = YES;
				CLANG_WARN_NON_LITERAL_NULL_CONVERSION = YES;
				CLANG_WARN_OBJC_IMPLICIT_RETAIN_SELF = YES;
				CLANG_WARN_OBJC_LITERAL_CONVERSION = YES;
				CLANG_WARN_OBJC_ROOT_CLASS = YES_ERROR;
				CLANG_WARN_QUOTED_INCLUDE_IN_FRAMEWORK_HEADER = YES;
				CLANG_WARN_RANGE_LOOP_ANALYSIS = YES;
				CLANG_WARN_STRICT_PROTOTYPES = YES;
				CLANG_WARN_SUSPICIOUS_MOVE = YES;
				CLANG_WARN_UNGUARDED_AVAILABILITY = YES_AGGRESSIVE;
				CLANG_WARN_UNREACHABLE_CODE = YES;
				CLANG_WARN__DUPLICATE_METHOD_MATCH = YES;
				COPY_PHASE_STRIP = NO;
				DEBUG_INFORMATION_FORMAT = dwarf;
				ENABLE_STRICT_OBJC_MSGSEND = YES;
				ENABLE_TESTABILITY = YES;
				GCC_C_LANGUAGE_STANDARD = gnu11;
				GCC_DYNAMIC_NO_PIC = NO;
				GCC_NO_COMMON_BLOCKS = YES;
				GCC_OPTIMIZATION_LEVEL = 0;
				GCC_PREPROCESSOR_DEFINITIONS = (
					"DEBUG=1",
					"$(inherited)",
				);
				GCC_WARN_64_TO_32_BIT_CONVERSION = YES;
				GCC_WARN_ABOUT_RETURN_TYPE = YES_ERROR;
				GCC_WARN_UNDECLARED_SELECTOR = YES;
				GCC_WARN_UNINITIALIZED_AUTOS = YES_AGGRESSIVE;
				GCC_WARN_UNUSED_FUNCTION = YES;
				GCC_WARN_UNUSED_VARIABLE = YES;
				IPHONEOS_DEPLOYMENT_TARGET = 15.0;
				MTL_ENABLE_DEBUG_INFO = INCLUDE_SOURCE;
				MTL_FAST_MATH = YES;
				ONLY_ACTIVE_ARCH = YES;
				SDKROOT = iphoneos;
				SWIFT_ACTIVE_COMPILATION_CONDITIONS = DEBUG;
				SWIFT_OPTIMIZATION_LEVEL = "-Onone";
			};
			name = Debug;
		};
		A871AAEF277B620800A7C100 /* Release */ = {
			isa = XCBuildConfiguration;
			buildSettings = {
				ALWAYS_SEARCH_USER_PATHS = NO;
				CLANG_ANALYZER_NONNULL = YES;
				CLANG_ANALYZER_NUMBER_OBJECT_CONVERSION = YES_AGGRESSIVE;
				CLANG_CXX_LANGUAGE_STANDARD = "gnu++17";
				CLANG_CXX_LIBRARY = "libc++";
				CLANG_ENABLE_MODULES = YES;
				CLANG_ENABLE_OBJC_ARC = YES;
				CLANG_ENABLE_OBJC_WEAK = YES;
				CLANG_WARN_BLOCK_CAPTURE_AUTORELEASING = YES;
				CLANG_WARN_BOOL_CONVERSION = YES;
				CLANG_WARN_COMMA = YES;
				CLANG_WARN_CONSTANT_CONVERSION = YES;
				CLANG_WARN_DEPRECATED_OBJC_IMPLEMENTATIONS = YES;
				CLANG_WARN_DIRECT_OBJC_ISA_USAGE = YES_ERROR;
				CLANG_WARN_DOCUMENTATION_COMMENTS = YES;
				CLANG_WARN_EMPTY_BODY = YES;
				CLANG_WARN_ENUM_CONVERSION = YES;
				CLANG_WARN_INFINITE_RECURSION = YES;
				CLANG_WARN_INT_CONVERSION = YES;
				CLANG_WARN_NON_LITERAL_NULL_CONVERSION = YES;
				CLANG_WARN_OBJC_IMPLICIT_RETAIN_SELF = YES;
				CLANG_WARN_OBJC_LITERAL_CONVERSION = YES;
				CLANG_WARN_OBJC_ROOT_CLASS = YES_ERROR;
				CLANG_WARN_QUOTED_INCLUDE_IN_FRAMEWORK_HEADER = YES;
				CLANG_WARN_RANGE_LOOP_ANALYSIS = YES;
				CLANG_WARN_STRICT_PROTOTYPES = YES;
				CLANG_WARN_SUSPICIOUS_MOVE = YES;
				CLANG_WARN_UNGUARDED_AVAILABILITY = YES_AGGRESSIVE;
				CLANG_WARN_UNREACHABLE_CODE = YES;
				CLANG_WARN__DUPLICATE_METHOD_MATCH = YES;
				COPY_PHASE_STRIP = NO;
				DEBUG_INFORMATION_FORMAT = "dwarf-with-dsym";
				ENABLE_NS_ASSERTIONS = NO;
				ENABLE_STRICT_OBJC_MSGSEND = YES;
				GCC_C_LANGUAGE_STANDARD = gnu11;
				GCC_NO_COMMON_BLOCKS = YES;
				GCC_WARN_64_TO_32_BIT_CONVERSION = YES;
				GCC_WARN_ABOUT_RETURN_TYPE = YES_ERROR;
				GCC_WARN_UNDECLARED_SELECTOR = YES;
				GCC_WARN_UNINITIALIZED_AUTOS = YES_AGGRESSIVE;
				GCC_WARN_UNUSED_FUNCTION = YES;
				GCC_WARN_UNUSED_VARIABLE = YES;
				IPHONEOS_DEPLOYMENT_TARGET = 15.0;
				MTL_ENABLE_DEBUG_INFO = NO;
				MTL_FAST_MATH = YES;
				SDKROOT = iphoneos;
				SWIFT_COMPILATION_MODE = wholemodule;
				SWIFT_OPTIMIZATION_LEVEL = "-O";
				VALIDATE_PRODUCT = YES;
			};
			name = Release;
		};
		A871AAF1277B620800A7C100 /* Debug */ = {
			isa = XCBuildConfiguration;
			buildSettings = {
				ASSETCATALOG_COMPILER_APPICON_NAME = AppIcon;
				ASSETCATALOG_COMPILER_GLOBAL_ACCENT_COLOR_NAME = AccentColor;
				CODE_SIGN_STYLE = Automatic;
				CURRENT_PROJECT_VERSION = 1;
				DEVELOPMENT_TEAM = X5SYDV9Z7U;
				GENERATE_INFOPLIST_FILE = YES;
				INFOPLIST_FILE = video/Info.plist;
				INFOPLIST_KEY_UIApplicationSupportsIndirectInputEvents = YES;
				INFOPLIST_KEY_UILaunchStoryboardName = LaunchScreen;
				INFOPLIST_KEY_UISupportedInterfaceOrientations_iPad = "UIInterfaceOrientationPortrait UIInterfaceOrientationPortraitUpsideDown UIInterfaceOrientationLandscapeLeft UIInterfaceOrientationLandscapeRight";
				INFOPLIST_KEY_UISupportedInterfaceOrientations_iPhone = "UIInterfaceOrientationPortrait UIInterfaceOrientationLandscapeLeft UIInterfaceOrientationLandscapeRight";
				LD_RUNPATH_SEARCH_PATHS = (
					"$(inherited)",
					"@executable_path/Frameworks",
				);
				MARKETING_VERSION = 1.0;
				PRODUCT_BUNDLE_IDENTIFIER = com.alex.video;
				PRODUCT_NAME = "$(TARGET_NAME)";
				SWIFT_EMIT_LOC_STRINGS = YES;
				SWIFT_VERSION = 5.0;
				TARGETED_DEVICE_FAMILY = "1,2";
			};
			name = Debug;
		};
		A871AAF2277B620800A7C100 /* Release */ = {
			isa = XCBuildConfiguration;
			buildSettings = {
				ASSETCATALOG_COMPILER_APPICON_NAME = AppIcon;
				ASSETCATALOG_COMPILER_GLOBAL_ACCENT_COLOR_NAME = AccentColor;
				CODE_SIGN_STYLE = Automatic;
				CURRENT_PROJECT_VERSION = 1;
				DEVELOPMENT_TEAM = X5SYDV9Z7U;
				GENERATE_INFOPLIST_FILE = YES;
				INFOPLIST_FILE = video/Info.plist;
				INFOPLIST_KEY_UIApplicationSupportsIndirectInputEvents = YES;
				INFOPLIST_KEY_UILaunchStoryboardName = LaunchScreen;
				INFOPLIST_KEY_UISupportedInterfaceOrientations_iPad = "UIInterfaceOrientationPortrait UIInterfaceOrientationPortraitUpsideDown UIInterfaceOrientationLandscapeLeft UIInterfaceOrientationLandscapeRight";
				INFOPLIST_KEY_UISupportedInterfaceOrientations_iPhone = "UIInterfaceOrientationPortrait UIInterfaceOrientationLandscapeLeft UIInterfaceOrientationLandscapeRight";
				LD_RUNPATH_SEARCH_PATHS = (
					"$(inherited)",
					"@executable_path/Frameworks",
				);
				MARKETING_VERSION = 1.0;
				PRODUCT_BUNDLE_IDENTIFIER = com.alex.video;
				PRODUCT_NAME = "$(TARGET_NAME)";
				SWIFT_EMIT_LOC_STRINGS = YES;
				SWIFT_VERSION = 5.0;
				TARGETED_DEVICE_FAMILY = "1,2";
			};
			name = Release;
		};
/* End XCBuildConfiguration section */

/* Begin XCConfigurationList section */
		A871AAD7277B620600A7C100 /* Build configuration list for PBXProject "video" */ = {
			isa = XCConfigurationList;
			buildConfigurations = (
				A871AAEE277B620800A7C100 /* Debug */,
				A871AAEF277B620800A7C100 /* Release */,
			);
			defaultConfigurationIsVisible = 0;
			defaultConfigurationName = Release;
		};
		A871AAF0277B620800A7C100 /* Build configuration list for PBXNativeTarget "video" */ = {
			isa = XCConfigurationList;
			buildConfigurations = (
				A871AAF1277B620800A7C100 /* Debug */,
				A871AAF2277B620800A7C100 /* Release */,
			);
			defaultConfigurationIsVisible = 0;
			defaultConfigurationName = Release;
		};
/* End XCConfigurationList section */
	};
	rootObject = A871AAD4277B620600A7C100 /* Project object */;
}
